
Microsoft Visual Studio Solution File, Format Version 12.00
# Visual Studio Version 16
VisualStudioVersion = 16.0.31205.134
MinimumVisualStudioVersion = 10.0.40219.1
Project("{9A19103F-16F7-4668-BE54-9A1E7A4F7556}") = "BTree", "BTree\BTree.csproj", "{C1C08FFF-E25E-4680-B589-2172D37046BB}"
EndProject
Project("{FAE04EC0-301F-11D3-BF4B-00C04F79EFBC}") = "TestTrees", "TestTrees\TestTrees.csproj", "{3D7B8780-14F2-4935-8660-8EA4889AEF11}"
EndProject
Global
	GlobalSection(SolutionConfigurationPlatforms) = preSolution
		Debug|Any CPU = Debug|Any CPU
		Release|Any CPU = Release|Any CPU
	EndGlobalSection
	GlobalSection(ProjectConfigurationPlatforms) = postSolution
		{C1C08FFF-E25E-4680-B589-2172D37046BB}.Debug|Any CPU.ActiveCfg = Debug|Any CPU
		{C1C08FFF-E25E-4680-B589-2172D37046BB}.Debug|Any CPU.Build.0 = Debug|Any CPU
		{C1C08FFF-E25E-4680-B589-2172D37046BB}.Release|Any CPU.ActiveCfg = Release|Any CPU
		{C1C08FFF-E25E-4680-B589-2172D37046BB}.Release|Any CPU.Build.0 = Release|Any CPU
		{3D7B8780-14F2-4935-8660-8EA4889AEF11}.Debug|Any CPU.ActiveCfg = Debug|Any CPU
		{3D7B8780-14F2-4935-8660-8EA4889AEF11}.Debug|Any CPU.Build.0 = Debug|Any CPU
		{3D7B8780-14F2-4935-8660-8EA4889AEF11}.Release|Any CPU.ActiveCfg = Release|Any CPU
		{3D7B8780-14F2-4935-8660-8EA4889AEF11}.Release|Any CPU.Build.0 = Release|Any CPU
	EndGlobalSection
	GlobalSection(SolutionProperties) = preSolution
		HideSolutionNode = FALSE
	EndGlobalSection
	GlobalSection(ExtensibilityGlobals) = postSolution
		SolutionGuid = {205560BF-328C-41A9-A1BE-B8CA5FBCFA83}
	EndGlobalSection
EndGlobal
